
Microsoft Visual Studio Solution File, Format Version 12.00
# Visual Studio Version 17
VisualStudioVersion = 17.0.31903.59
MinimumVisualStudioVersion = 10.0.40219.1
Project("{2150E333-8FDC-42A3-9474-1A3956D46DE8}") = "src", "src", "{827E0CD3-B72D-47B6-A68D-7590B98EB39B}"
EndProject
Project("{FAE04EC0-301F-11D3-BF4B-00C04F79EFBC}") = "VitaCernita.Core", "src\VitaCernita.Core\VitaCernita.Core.csproj", "{7A248C69-3656-4B7C-9E97-89D73AE63457}"
EndProject
Project("{FAE04EC0-301F-11D3-BF4B-00C04F79EFBC}") = "VitaCernita", "src\VitaCernita\VitaCernita.csproj", "{ECF6D95A-2810-41EE-9E08-4DDC3521148A}"
EndProject
Project("{FAE04EC0-301F-11D3-BF4B-00C04F79EFBC}") = "VitaCernita.Tests", "tests\VitaCernita.Tests\VitaCernita.Tests.csproj", "{D58C0505-CA4D-43B2-B934-A046167C17EA}"
EndProject
Global
	GlobalSection(SolutionConfigurationPlatforms) = preSolution
		Debug|Any CPU = Debug|Any CPU
		Debug|x64 = Debug|x64
		Debug|x86 = Debug|x86
		Release|Any CPU = Release|Any CPU
		Release|x64 = Release|x64
		Release|x86 = Release|x86
	EndGlobalSection
	GlobalSection(ProjectConfigurationPlatforms) = postSolution
		{7A248C69-3656-4B7C-9E97-89D73AE63457}.Debug|Any CPU.ActiveCfg = Debug|Any CPU
		{7A248C69-3656-4B7C-9E97-89D73AE63457}.Debug|Any CPU.Build.0 = Debug|Any CPU
		{7A248C69-3656-4B7C-9E97-89D73AE63457}.Debug|x64.ActiveCfg = Debug|Any CPU
		{7A248C69-3656-4B7C-9E97-89D73AE63457}.Debug|x64.Build.0 = Debug|Any CPU
		{7A248C69-3656-4B7C-9E97-89D73AE63457}.Debug|x86.ActiveCfg = Debug|Any CPU
		{7A248C69-3656-4B7C-9E97-89D73AE63457}.Debug|x86.Build.0 = Debug|Any CPU
		{7A248C69-3656-4B7C-9E97-89D73AE63457}.Release|Any CPU.ActiveCfg = Release|Any CPU
		{7A248C69-3656-4B7C-9E97-89D73AE63457}.Release|Any CPU.Build.0 = Release|Any CPU
		{7A248C69-3656-4B7C-9E97-89D73AE63457}.Release|x64.ActiveCfg = Release|Any CPU
		{7A248C69-3656-4B7C-9E97-89D73AE63457}.Release|x64.Build.0 = Release|Any CPU
		{7A248C69-3656-4B7C-9E97-89D73AE63457}.Release|x86.ActiveCfg = Release|Any CPU
		{7A248C69-3656-4B7C-9E97-89D73AE63457}.Release|x86.Build.0 = Release|Any CPU
		{ECF6D95A-2810-41EE-9E08-4DDC3521148A}.Debug|Any CPU.ActiveCfg = Debug|Any CPU
		{ECF6D95A-2810-41EE-9E08-4DDC3521148A}.Debug|Any CPU.Build.0 = Debug|Any CPU
		{ECF6D95A-2810-41EE-9E08-4DDC3521148A}.Debug|x64.ActiveCfg = Debug|Any CPU
		{ECF6D95A-2810-41EE-9E08-4DDC3521148A}.Debug|x64.Build.0 = Debug|Any CPU
		{ECF6D95A-2810-41EE-9E08-4DDC3521148A}.Debug|x86.ActiveCfg = Debug|Any CPU
		{ECF6D95A-2810-41EE-9E08-4DDC3521148A}.Debug|x86.Build.0 = Debug|Any CPU
		{ECF6D95A-2810-41EE-9E08-4DDC3521148A}.Release|Any CPU.ActiveCfg = Release|Any CPU
		{ECF6D95A-2810-41EE-9E08-4DDC3521148A}.Release|Any CPU.Build.0 = Release|Any CPU
		{ECF6D95A-2810-41EE-9E08-4DDC3521148A}.Release|x64.ActiveCfg = Release|Any CPU
		{ECF6D95A-2810-41EE-9E08-4DDC3521148A}.Release|x64.Build.0 = Release|Any CPU
		{ECF6D95A-2810-41EE-9E08-4DDC3521148A}.Release|x86.ActiveCfg = Release|Any CPU
		{ECF6D95A-2810-41EE-9E08-4DDC3521148A}.Release|x86.Build.0 = Release|Any CPU
		{D58C0505-CA4D-43B2-B934-A046167C17EA}.Debug|Any CPU.ActiveCfg = Debug|Any CPU
		{D58C0505-CA4D-43B2-B934-A046167C17EA}.Debug|Any CPU.Build.0 = Debug|Any CPU
		{D58C0505-CA4D-43B2-B934-A046167C17EA}.Debug|x64.ActiveCfg = Debug|Any CPU
		{D58C0505-CA4D-43B2-B934-A046167C17EA}.Debug|x64.Build.0 = Debug|Any CPU
		{D58C0505-CA4D-43B2-B934-A046167C17EA}.Debug|x86.ActiveCfg = Debug|Any CPU
		{D58C0505-CA4D-43B2-B934-A046167C17EA}.Debug|x86.Build.0 = Debug|Any CPU
		{D58C0505-CA4D-43B2-B934-A046167C17EA}.Release|Any CPU.ActiveCfg = Release|Any CPU
		{D58C0505-CA4D-43B2-B934-A046167C17EA}.Release|Any CPU.Build.0 = Release|Any CPU
		{D58C0505-CA4D-43B2-B934-A046167C17EA}.Release|x64.ActiveCfg = Release|Any CPU
		{D58C0505-CA4D-43B2-B934-A046167C17EA}.Release|x64.Build.0 = Release|Any CPU
		{D58C0505-CA4D-43B2-B934-A046167C17EA}.Release|x86.ActiveCfg = Release|Any CPU
		{D58C0505-CA4D-43B2-B934-A046167C17EA}.Release|x86.Build.0 = Release|Any CPU
	EndGlobalSection
	GlobalSection(SolutionProperties) = preSolution
		HideSolutionNode = FALSE
	EndGlobalSection
	GlobalSection(NestedProjects) = preSolution
		{7A248C69-3656-4B7C-9E97-89D73AE63457} = {827E0CD3-B72D-47B6-A68D-7590B98EB39B}
		{ECF6D95A-2810-41EE-9E08-4DDC3521148A} = {827E0CD3-B72D-47B6-A68D-7590B98EB39B}
		{D58C0505-CA4D-43B2-B934-A046167C17EA} = {827E0CD3-B72D-47B6-A68D-7590B98EB39B}
	EndGlobalSection
EndGlobal
